// !$*UTF8*$!
{
	archiveVersion = 1;
	classes = {
	};
	objectVersion = 46;
	objects = {

/* Begin PBXBuildFile section */
		1CF2A0084057E3437E2372A0 /* libPods.a in Frameworks */ = {isa = PBXBuildFile; fileRef = 8287D9AE1A2BC4E166E6EA08 /* libPods.a */; };
		8F08D6AF19E609720035069C /* AppDelegate.swift in Sources */ = {isa = PBXBuildFile; fileRef = 8F08D6AE19E609720035069C /* AppDelegate.swift */; };
		8F08D6B119E609720035069C /* ViewController.swift in Sources */ = {isa = PBXBuildFile; fileRef = 8F08D6B019E609720035069C /* ViewController.swift */; };
		8F08D6B419E609720035069C /* Main.storyboard in Resources */ = {isa = PBXBuildFile; fileRef = 8F08D6B219E609720035069C /* Main.storyboard */; };
		8F08D6B619E609720035069C /* Images.xcassets in Resources */ = {isa = PBXBuildFile; fileRef = 8F08D6B519E609720035069C /* Images.xcassets */; };
		8F08D6B919E609720035069C /* LaunchScreen.xib in Resources */ = {isa = PBXBuildFile; fileRef = 8F08D6B719E609720035069C /* LaunchScreen.xib */; };
		8F08D6C519E609720035069C /* TwinkrunTests.swift in Sources */ = {isa = PBXBuildFile; fileRef = 8F08D6C419E609720035069C /* TwinkrunTests.swift */; };
		8F08D6D619E613710035069C /* QueueTests.swift in Sources */ = {isa = PBXBuildFile; fileRef = 8F08D6D519E613710035069C /* QueueTests.swift */; };
		8F08D6D819E618190035069C /* Array+Queue.swift in Sources */ = {isa = PBXBuildFile; fileRef = 8F08D6D719E618190035069C /* Array+Queue.swift */; };
		8F08D6D919E61D100035069C /* Array+Queue.swift in Sources */ = {isa = PBXBuildFile; fileRef = 8F08D6D719E618190035069C /* Array+Queue.swift */; };
/* End PBXBuildFile section */

/* Begin PBXContainerItemProxy section */
		8F08D6BF19E609720035069C /* PBXContainerItemProxy */ = {
			isa = PBXContainerItemProxy;
			containerPortal = 8F08D6A119E609720035069C /* Project object */;
			proxyType = 1;
			remoteGlobalIDString = 8F08D6A819E609720035069C;
			remoteInfo = Twinkrun;
		};
/* End PBXContainerItemProxy section */

/* Begin PBXFileReference section */
		12E216E8793FD00A3D9CA456 /* Pods.release.xcconfig */ = {isa = PBXFileReference; includeInIndex = 1; lastKnownFileType = text.xcconfig; name = Pods.release.xcconfig; path = "Pods/Target Support Files/Pods/Pods.release.xcconfig"; sourceTree = "<group>"; };
		68FBE0071247A5F4A9D3130E /* Pods.debug.xcconfig */ = {isa = PBXFileReference; includeInIndex = 1; lastKnownFileType = text.xcconfig; name = Pods.debug.xcconfig; path = "Pods/Target Support Files/Pods/Pods.debug.xcconfig"; sourceTree = "<group>"; };
		8287D9AE1A2BC4E166E6EA08 /* libPods.a */ = {isa = PBXFileReference; explicitFileType = archive.ar; includeInIndex = 0; path = libPods.a; sourceTree = BUILT_PRODUCTS_DIR; };
		8F08D6A919E609720035069C /* Twinkrun.app */ = {isa = PBXFileReference; explicitFileType = wrapper.application; includeInIndex = 0; path = Twinkrun.app; sourceTree = BUILT_PRODUCTS_DIR; };
		8F08D6AD19E609720035069C /* Info.plist */ = {isa = PBXFileReference; lastKnownFileType = text.plist.xml; path = Info.plist; sourceTree = "<group>"; };
		8F08D6AE19E609720035069C /* AppDelegate.swift */ = {isa = PBXFileReference; lastKnownFileType = sourcecode.swift; path = AppDelegate.swift; sourceTree = "<group>"; };
		8F08D6B019E609720035069C /* ViewController.swift */ = {isa = PBXFileReference; lastKnownFileType = sourcecode.swift; path = ViewController.swift; sourceTree = "<group>"; };
		8F08D6B319E609720035069C /* Base */ = {isa = PBXFileReference; lastKnownFileType = file.storyboard; name = Base; path = Base.lproj/Main.storyboard; sourceTree = "<group>"; };
		8F08D6B519E609720035069C /* Images.xcassets */ = {isa = PBXFileReference; lastKnownFileType = folder.assetcatalog; path = Images.xcassets; sourceTree = "<group>"; };
		8F08D6B819E609720035069C /* Base */ = {isa = PBXFileReference; lastKnownFileType = file.xib; name = Base; path = Base.lproj/LaunchScreen.xib; sourceTree = "<group>"; };
		8F08D6BE19E609720035069C /* TwinkrunTests.xctest */ = {isa = PBXFileReference; explicitFileType = wrapper.cfbundle; includeInIndex = 0; path = TwinkrunTests.xctest; sourceTree = BUILT_PRODUCTS_DIR; };
		8F08D6C319E609720035069C /* Info.plist */ = {isa = PBXFileReference; lastKnownFileType = text.plist.xml; path = Info.plist; sourceTree = "<group>"; };
		8F08D6C419E609720035069C /* TwinkrunTests.swift */ = {isa = PBXFileReference; lastKnownFileType = sourcecode.swift; path = TwinkrunTests.swift; sourceTree = "<group>"; };
		8F08D6D519E613710035069C /* QueueTests.swift */ = {isa = PBXFileReference; fileEncoding = 4; lastKnownFileType = sourcecode.swift; path = QueueTests.swift; sourceTree = "<group>"; };
		8F08D6D719E618190035069C /* Array+Queue.swift */ = {isa = PBXFileReference; fileEncoding = 4; lastKnownFileType = sourcecode.swift; path = "Array+Queue.swift"; sourceTree = "<group>"; };
/* End PBXFileReference section */

/* Begin PBXFrameworksBuildPhase section */
		8F08D6A619E609720035069C /* Frameworks */ = {
			isa = PBXFrameworksBuildPhase;
			buildActionMask = 2147483647;
			files = (
				1CF2A0084057E3437E2372A0 /* libPods.a in Frameworks */,
			);
			runOnlyForDeploymentPostprocessing = 0;
		};
		8F08D6BB19E609720035069C /* Frameworks */ = {
			isa = PBXFrameworksBuildPhase;
			buildActionMask = 2147483647;
			files = (
			);
			runOnlyForDeploymentPostprocessing = 0;
		};
/* End PBXFrameworksBuildPhase section */

/* Begin PBXGroup section */
		2951FC914194B17D03777E5B /* Pods */ = {
			isa = PBXGroup;
			children = (
				68FBE0071247A5F4A9D3130E /* Pods.debug.xcconfig */,
				12E216E8793FD00A3D9CA456 /* Pods.release.xcconfig */,
			);
			name = Pods;
			sourceTree = "<group>";
		};
		34C9EF4A1CDB28C028370497 /* Frameworks */ = {
			isa = PBXGroup;
			children = (
				8287D9AE1A2BC4E166E6EA08 /* libPods.a */,
			);
			name = Frameworks;
			sourceTree = "<group>";
		};
		8F08D6A019E609720035069C = {
			isa = PBXGroup;
			children = (
				8F08D6AB19E609720035069C /* Twinkrun */,
				8F08D6C119E609720035069C /* TwinkrunTests */,
				8F08D6AA19E609720035069C /* Products */,
				2951FC914194B17D03777E5B /* Pods */,
				34C9EF4A1CDB28C028370497 /* Frameworks */,
			);
			sourceTree = "<group>";
		};
		8F08D6AA19E609720035069C /* Products */ = {
			isa = PBXGroup;
			children = (
				8F08D6A919E609720035069C /* Twinkrun.app */,
				8F08D6BE19E609720035069C /* TwinkrunTests.xctest */,
			);
			name = Products;
			sourceTree = "<group>";
		};
		8F08D6AB19E609720035069C /* Twinkrun */ = {
			isa = PBXGroup;
			children = (
				8F08D6AE19E609720035069C /* AppDelegate.swift */,
				8F08D6B219E609720035069C /* Main.storyboard */,
				8F08D6D119E609E70035069C /* Models */,
				8F08D6D019E609E20035069C /* Controllers */,
				8F08D6CF19E609D50035069C /* Sounds */,
				8F08D6CE19E609CF0035069C /* Videos */,
				8F08D6B519E609720035069C /* Images.xcassets */,
				8F08D6B719E609720035069C /* LaunchScreen.xib */,
				8F08D6AC19E609720035069C /* Supporting Files */,
			);
			path = Twinkrun;
			sourceTree = "<group>";
		};
		8F08D6AC19E609720035069C /* Supporting Files */ = {
			isa = PBXGroup;
			children = (
				8F08D6AD19E609720035069C /* Info.plist */,
			);
			name = "Supporting Files";
			sourceTree = "<group>";
		};
		8F08D6C119E609720035069C /* TwinkrunTests */ = {
			isa = PBXGroup;
			children = (
				8F08D6C419E609720035069C /* TwinkrunTests.swift */,
				8F08D6D519E613710035069C /* QueueTests.swift */,
				8F08D6C219E609720035069C /* Supporting Files */,
			);
			path = TwinkrunTests;
			sourceTree = "<group>";
		};
		8F08D6C219E609720035069C /* Supporting Files */ = {
			isa = PBXGroup;
			children = (
				8F08D6C319E609720035069C /* Info.plist */,
			);
			name = "Supporting Files";
			sourceTree = "<group>";
		};
		8F08D6CE19E609CF0035069C /* Videos */ = {
			isa = PBXGroup;
			children = (
			);
			path = Videos;
			sourceTree = "<group>";
		};
		8F08D6CF19E609D50035069C /* Sounds */ = {
			isa = PBXGroup;
			children = (
			);
			path = Sounds;
			sourceTree = "<group>";
		};
		8F08D6D019E609E20035069C /* Controllers */ = {
			isa = PBXGroup;
			children = (
				8F08D6B019E609720035069C /* ViewController.swift */,
			);
			path = Controllers;
			sourceTree = "<group>";
		};
		8F08D6D119E609E70035069C /* Models */ = {
			isa = PBXGroup;
			children = (
				8F08D6D719E618190035069C /* Array+Queue.swift */,
			);
			path = Models;
			sourceTree = "<group>";
		};
/* End PBXGroup section */

/* Begin PBXNativeTarget section */
		8F08D6A819E609720035069C /* Twinkrun */ = {
			isa = PBXNativeTarget;
			buildConfigurationList = 8F08D6C819E609720035069C /* Build configuration list for PBXNativeTarget "Twinkrun" */;
			buildPhases = (
				643F84713BA4B7B1639CA268 /* Check Pods Manifest.lock */,
				8F08D6A519E609720035069C /* Sources */,
				8F08D6A619E609720035069C /* Frameworks */,
				8F08D6A719E609720035069C /* Resources */,
				070658C5A4A55A9134D75A3B /* Copy Pods Resources */,
			);
			buildRules = (
			);
			dependencies = (
			);
			name = Twinkrun;
			productName = Twinkrun;
			productReference = 8F08D6A919E609720035069C /* Twinkrun.app */;
			productType = "com.apple.product-type.application";
		};
		8F08D6BD19E609720035069C /* TwinkrunTests */ = {
			isa = PBXNativeTarget;
			buildConfigurationList = 8F08D6CB19E609720035069C /* Build configuration list for PBXNativeTarget "TwinkrunTests" */;
			buildPhases = (
				8F08D6BA19E609720035069C /* Sources */,
				8F08D6BB19E609720035069C /* Frameworks */,
				8F08D6BC19E609720035069C /* Resources */,
			);
			buildRules = (
			);
			dependencies = (
				8F08D6C019E609720035069C /* PBXTargetDependency */,
			);
			name = TwinkrunTests;
			productName = TwinkrunTests;
			productReference = 8F08D6BE19E609720035069C /* TwinkrunTests.xctest */;
			productType = "com.apple.product-type.bundle.unit-test";
		};
/* End PBXNativeTarget section */

/* Begin PBXProject section */
		8F08D6A119E609720035069C /* Project object */ = {
			isa = PBXProject;
			attributes = {
				LastUpgradeCheck = 0600;
				ORGANIZATIONNAME = Twinkrun;
				TargetAttributes = {
					8F08D6A819E609720035069C = {
						CreatedOnToolsVersion = 6.0.1;
					};
					8F08D6BD19E609720035069C = {
						CreatedOnToolsVersion = 6.0.1;
						TestTargetID = 8F08D6A819E609720035069C;
					};
				};
			};
			buildConfigurationList = 8F08D6A419E609720035069C /* Build configuration list for PBXProject "Twinkrun" */;
			compatibilityVersion = "Xcode 3.2";
			developmentRegion = English;
			hasScannedForEncodings = 0;
			knownRegions = (
				en,
				Base,
			);
			mainGroup = 8F08D6A019E609720035069C;
			productRefGroup = 8F08D6AA19E609720035069C /* Products */;
			projectDirPath = "";
			projectRoot = "";
			targets = (
				8F08D6A819E609720035069C /* Twinkrun */,
				8F08D6BD19E609720035069C /* TwinkrunTests */,
			);
		};
/* End PBXProject section */

/* Begin PBXResourcesBuildPhase section */
		8F08D6A719E609720035069C /* Resources */ = {
			isa = PBXResourcesBuildPhase;
			buildActionMask = 2147483647;
			files = (
				8F08D6B419E609720035069C /* Main.storyboard in Resources */,
				8F08D6B919E609720035069C /* LaunchScreen.xib in Resources */,
				8F08D6B619E609720035069C /* Images.xcassets in Resources */,
			);
			runOnlyForDeploymentPostprocessing = 0;
		};
		8F08D6BC19E609720035069C /* Resources */ = {
			isa = PBXResourcesBuildPhase;
			buildActionMask = 2147483647;
			files = (
			);
			runOnlyForDeploymentPostprocessing = 0;
		};
/* End PBXResourcesBuildPhase section */

/* Begin PBXShellScriptBuildPhase section */
		070658C5A4A55A9134D75A3B /* Copy Pods Resources */ = {
			isa = PBXShellScriptBuildPhase;
			buildActionMask = 2147483647;
			files = (
			);
			inputPaths = (
			);
			name = "Copy Pods Resources";
			outputPaths = (
			);
			runOnlyForDeploymentPostprocessing = 0;
			shellPath = /bin/sh;
			shellScript = "\"${SRCROOT}/Pods/Target Support Files/Pods/Pods-resources.sh\"\n";
			showEnvVarsInLog = 0;
		};
		643F84713BA4B7B1639CA268 /* Check Pods Manifest.lock */ = {
			isa = PBXShellScriptBuildPhase;
			buildActionMask = 2147483647;
			files = (
			);
			inputPaths = (
			);
			name = "Check Pods Manifest.lock";
			outputPaths = (
			);
			runOnlyForDeploymentPostprocessing = 0;
			shellPath = /bin/sh;
			shellScript = "diff \"${PODS_ROOT}/../Podfile.lock\" \"${PODS_ROOT}/Manifest.lock\" > /dev/null\nif [[ $? != 0 ]] ; then\n    cat << EOM\nerror: The sandbox is not in sync with the Podfile.lock. Run 'pod install' or update your CocoaPods installation.\nEOM\n    exit 1\nfi\n";
			showEnvVarsInLog = 0;
		};
/* End PBXShellScriptBuildPhase section */

/* Begin PBXSourcesBuildPhase section */
		8F08D6A519E609720035069C /* Sources */ = {
			isa = PBXSourcesBuildPhase;
			buildActionMask = 2147483647;
			files = (
				8F08D6B119E609720035069C /* ViewController.swift in Sources */,
				8F08D6D819E618190035069C /* Array+Queue.swift in Sources */,
				8F08D6AF19E609720035069C /* AppDelegate.swift in Sources */,
			);
			runOnlyForDeploymentPostprocessing = 0;
		};
		8F08D6BA19E609720035069C /* Sources */ = {
			isa = PBXSourcesBuildPhase;
			buildActionMask = 2147483647;
			files = (
				8F08D6C519E609720035069C /* TwinkrunTests.swift in Sources */,
				8F08D6D919E61D100035069C /* Array+Queue.swift in Sources */,
				8F08D6D619E613710035069C /* QueueTests.swift in Sources */,
			);
			runOnlyForDeploymentPostprocessing = 0;
		};
/* End PBXSourcesBuildPhase section */

/* Begin PBXTargetDependency section */
		8F08D6C019E609720035069C /* PBXTargetDependency */ = {
			isa = PBXTargetDependency;
			target = 8F08D6A819E609720035069C /* Twinkrun */;
			targetProxy = 8F08D6BF19E609720035069C /* PBXContainerItemProxy */;
		};
/* End PBXTargetDependency section */

/* Begin PBXVariantGroup section */
		8F08D6B219E609720035069C /* Main.storyboard */ = {
			isa = PBXVariantGroup;
			children = (
				8F08D6B319E609720035069C /* Base */,
			);
			name = Main.storyboard;
			sourceTree = "<group>";
		};
		8F08D6B719E609720035069C /* LaunchScreen.xib */ = {
			isa = PBXVariantGroup;
			children = (
				8F08D6B819E609720035069C /* Base */,
			);
			name = LaunchScreen.xib;
			sourceTree = "<group>";
		};
/* End PBXVariantGroup section */

/* Begin XCBuildConfiguration section */
		8F08D6C619E609720035069C /* Debug */ = {
			isa = XCBuildConfiguration;
			buildSettings = {
				ALWAYS_SEARCH_USER_PATHS = NO;
				CLANG_CXX_LANGUAGE_STANDARD = "gnu++0x";
				CLANG_CXX_LIBRARY = "libc++";
				CLANG_ENABLE_MODULES = YES;
				CLANG_ENABLE_OBJC_ARC = YES;
				CLANG_WARN_BOOL_CONVERSION = YES;
				CLANG_WARN_CONSTANT_CONVERSION = YES;
				CLANG_WARN_DIRECT_OBJC_ISA_USAGE = YES_ERROR;
				CLANG_WARN_EMPTY_BODY = YES;
				CLANG_WARN_ENUM_CONVERSION = YES;
				CLANG_WARN_INT_CONVERSION = YES;
				CLANG_WARN_OBJC_ROOT_CLASS = YES_ERROR;
				CLANG_WARN_UNREACHABLE_CODE = YES;
				CLANG_WARN__DUPLICATE_METHOD_MATCH = YES;
				"CODE_SIGN_IDENTITY[sdk=iphoneos*]" = "iPhone Developer";
				COPY_PHASE_STRIP = NO;
				ENABLE_STRICT_OBJC_MSGSEND = YES;
				GCC_C_LANGUAGE_STANDARD = gnu99;
				GCC_DYNAMIC_NO_PIC = NO;
				GCC_OPTIMIZATION_LEVEL = 0;
				GCC_PREPROCESSOR_DEFINITIONS = (
					"DEBUG=1",
					"$(inherited)",
				);
				GCC_SYMBOLS_PRIVATE_EXTERN = NO;
				GCC_WARN_64_TO_32_BIT_CONVERSION = YES;
				GCC_WARN_ABOUT_RETURN_TYPE = YES_ERROR;
				GCC_WARN_UNDECLARED_SELECTOR = YES;
				GCC_WARN_UNINITIALIZED_AUTOS = YES_AGGRESSIVE;
				GCC_WARN_UNUSED_FUNCTION = YES;
				GCC_WARN_UNUSED_VARIABLE = YES;
				IPHONEOS_DEPLOYMENT_TARGET = 8.0;
				MTL_ENABLE_DEBUG_INFO = YES;
				ONLY_ACTIVE_ARCH = YES;
				SDKROOT = iphoneos;
				SWIFT_OPTIMIZATION_LEVEL = "-Onone";
			};
			name = Debug;
		};
		8F08D6C719E609720035069C /* Release */ = {
			isa = XCBuildConfiguration;
			buildSettings = {
				ALWAYS_SEARCH_USER_PATHS = NO;
				CLANG_CXX_LANGUAGE_STANDARD = "gnu++0x";
				CLANG_CXX_LIBRARY = "libc++";
				CLANG_ENABLE_MODULES = YES;
				CLANG_ENABLE_OBJC_ARC = YES;
				CLANG_WARN_BOOL_CONVERSION = YES;
				CLANG_WARN_CONSTANT_CONVERSION = YES;
				CLANG_WARN_DIRECT_OBJC_ISA_USAGE = YES_ERROR;
				CLANG_WARN_EMPTY_BODY = YES;
				CLANG_WARN_ENUM_CONVERSION = YES;
				CLANG_WARN_INT_CONVERSION = YES;
				CLANG_WARN_OBJC_ROOT_CLASS = YES_ERROR;
				CLANG_WARN_UNREACHABLE_CODE = YES;
				CLANG_WARN__DUPLICATE_METHOD_MATCH = YES;
				"CODE_SIGN_IDENTITY[sdk=iphoneos*]" = "iPhone Developer";
				COPY_PHASE_STRIP = YES;
				ENABLE_NS_ASSERTIONS = NO;
				ENABLE_STRICT_OBJC_MSGSEND = YES;
				GCC_C_LANGUAGE_STANDARD = gnu99;
				GCC_WARN_64_TO_32_BIT_CONVERSION = YES;
				GCC_WARN_ABOUT_RETURN_TYPE = YES_ERROR;
				GCC_WARN_UNDECLARED_SELECTOR = YES;
				GCC_WARN_UNINITIALIZED_AUTOS = YES_AGGRESSIVE;
				GCC_WARN_UNUSED_FUNCTION = YES;
				GCC_WARN_UNUSED_VARIABLE = YES;
				IPHONEOS_DEPLOYMENT_TARGET = 8.0;
				MTL_ENABLE_DEBUG_INFO = NO;
				SDKROOT = iphoneos;
				VALIDATE_PRODUCT = YES;
			};
			name = Release;
		};
		8F08D6C919E609720035069C /* Debug */ = {
			isa = XCBuildConfiguration;
			baseConfigurationReference = 68FBE0071247A5F4A9D3130E /* Pods.debug.xcconfig */;
			buildSettings = {
				ASSETCATALOG_COMPILER_APPICON_NAME = AppIcon;
				INFOPLIST_FILE = Twinkrun/Info.plist;
				LD_RUNPATH_SEARCH_PATHS = "$(inherited) @executable_path/Frameworks";
				PRODUCT_NAME = "$(TARGET_NAME)";
			};
			name = Debug;
		};
		8F08D6CA19E609720035069C /* Release */ = {
			isa = XCBuildConfiguration;
			baseConfigurationReference = 12E216E8793FD00A3D9CA456 /* Pods.release.xcconfig */;
			buildSettings = {
				ASSETCATALOG_COMPILER_APPICON_NAME = AppIcon;
				INFOPLIST_FILE = Twinkrun/Info.plist;
				LD_RUNPATH_SEARCH_PATHS = "$(inherited) @executable_path/Frameworks";
				PRODUCT_NAME = "$(TARGET_NAME)";
			};
			name = Release;
		};
		8F08D6CC19E609720035069C /* Debug */ = {
			isa = XCBuildConfiguration;
			buildSettings = {
				BUNDLE_LOADER = "$(TEST_HOST)";
				FRAMEWORK_SEARCH_PATHS = (
					"$(SDKROOT)/Developer/Library/Frameworks",
					"$(inherited)",
				);
				GCC_PREPROCESSOR_DEFINITIONS = (
					"DEBUG=1",
					"$(inherited)",
				);
				INFOPLIST_FILE = TwinkrunTests/Info.plist;
				LD_RUNPATH_SEARCH_PATHS = "$(inherited) @executable_path/Frameworks @loader_path/Frameworks";
				PRODUCT_NAME = "$(TARGET_NAME)";
				TEST_HOST = "$(BUILT_PRODUCTS_DIR)/Twinkrun.app/Twinkrun";
			};
			name = Debug;
		};
		8F08D6CD19E609720035069C /* Release */ = {
			isa = XCBuildConfiguration;
			buildSettings = {
				BUNDLE_LOADER = "$(TEST_HOST)";
				FRAMEWORK_SEARCH_PATHS = (
					"$(SDKROOT)/Developer/Library/Frameworks",
					"$(inherited)",
				);
				INFOPLIST_FILE = TwinkrunTests/Info.plist;
				LD_RUNPATH_SEARCH_PATHS = "$(inherited) @executable_path/Frameworks @loader_path/Frameworks";
				PRODUCT_NAME = "$(TARGET_NAME)";
				TEST_HOST = "$(BUILT_PRODUCTS_DIR)/Twinkrun.app/Twinkrun";
			};
			name = Release;
		};
/* End XCBuildConfiguration section */

/* Begin XCConfigurationList section */
		8F08D6A419E609720035069C /* Build configuration list for PBXProject "Twinkrun" */ = {
			isa = XCConfigurationList;
			buildConfigurations = (
				8F08D6C619E609720035069C /* Debug */,
				8F08D6C719E609720035069C /* Release */,
			);
			defaultConfigurationIsVisible = 0;
			defaultConfigurationName = Release;
		};
		8F08D6C819E609720035069C /* Build configuration list for PBXNativeTarget "Twinkrun" */ = {
			isa = XCConfigurationList;
			buildConfigurations = (
				8F08D6C919E609720035069C /* Debug */,
				8F08D6CA19E609720035069C /* Release */,
			);
			defaultConfigurationIsVisible = 0;
			defaultConfigurationName = Release;
		};
		8F08D6CB19E609720035069C /* Build configuration list for PBXNativeTarget "TwinkrunTests" */ = {
			isa = XCConfigurationList;
			buildConfigurations = (
				8F08D6CC19E609720035069C /* Debug */,
				8F08D6CD19E609720035069C /* Release */,
			);
			defaultConfigurationIsVisible = 0;
			defaultConfigurationName = Release;
		};
/* End XCConfigurationList section */
	};
	rootObject = 8F08D6A119E609720035069C /* Project object */;
}
