PODS:
  - BEMSimpleLineGraph (4.1)
  - Canvas (0.1.2)
  - ObjectAL-for-iPhone (2.5)
  - VTAcknowledgementsViewController (0.15)

DEPENDENCIES:
  - BEMSimpleLineGraph
  - Canvas
  - ObjectAL-for-iPhone
  - VTAcknowledgementsViewController

SPEC CHECKSUMS:
  BEMSimpleLineGraph: 44fd451f27f8e9cf96f2da5bea27603093576dd1
  Canvas: eb861e3b555d032648146c8ffda1a5dea40059ca
  ObjectAL-for-iPhone: 5f62714e5ba5c48c3138bc361b7891f77814e741
  VTAcknowledgementsViewController: 575f5841fb47b7d9c852ccb406104ea68de07b21

COCOAPODS: 0.39.0
